
Microsoft Visual Studio Solution File, Format Version 12.00
# Visual Studio 2013
VisualStudioVersion = 12.0.21005.1
MinimumVisualStudioVersion = 10.0.40219.1
Project("{FAE04EC0-301F-11D3-BF4B-00C04F79EFBC}") = "ColumnNames", "ColumnNames\ColumnNames.csproj", "{5A3C70EE-0263-403D-8C8D-784DBE063A7B}"
EndProject
Project("{FAE04EC0-301F-11D3-BF4B-00C04F79EFBC}") = "PascalsTriangle", "PascalsTriangle\PascalsTriangle.csproj", "{75876722-BC49-40EB-93B5-B61AC6C47813}"
EndProject
Project("{FAE04EC0-301F-11D3-BF4B-00C04F79EFBC}") = "SumOfIntegers", "SumOfIntegers\SumOfIntegers.csproj", "{61F3DE19-DD07-4250-ACD4-D7AED2700833}"
EndProject
Project("{FAE04EC0-301F-11D3-BF4B-00C04F79EFBC}") = "NumberPairs", "NumberPairs\NumberPairs.csproj", "{4F84047A-DD26-405A-A8C6-865DF32C2C0F}"
EndProject
Project("{FAE04EC0-301F-11D3-BF4B-00C04F79EFBC}") = "CardNumberValidation", "CardNumberValidation\CardNumberValidation.csproj", "{89D12F82-1D0E-45D4-85A7-7EACA1F18626}"
EndProject
Project("{FAE04EC0-301F-11D3-BF4B-00C04F79EFBC}") = "Sudoku", "Sudoku\Sudoku.csproj", "{54ED9CE6-D776-4053-B8C6-A31FC825939F}"
EndProject
Project("{FAE04EC0-301F-11D3-BF4B-00C04F79EFBC}") = "Sudoku2", "Sudoku2\Sudoku2.csproj", "{F2C2BA4B-AA53-41EA-A732-56F99A6692F7}"
EndProject
Project("{FAE04EC0-301F-11D3-BF4B-00C04F79EFBC}") = "ArrayAbsurdity", "ArrayAbsurdity\ArrayAbsurdity.csproj", "{61CD0B3D-6B7A-4921-BDC8-6872427AE969}"
EndProject
Project("{FAE04EC0-301F-11D3-BF4B-00C04F79EFBC}") = "MinimumCoins", "MinimumCoins\MinimumCoins.csproj", "{40C5FE38-FA93-4C23-8EFC-7C93D371AC88}"
EndProject
Project("{FAE04EC0-301F-11D3-BF4B-00C04F79EFBC}") = "GameOfLife", "GameOfLife\GameOfLife.csproj", "{012FCEFF-ECDE-4FBA-B09C-C581279BFD82}"
EndProject
Project("{FAE04EC0-301F-11D3-BF4B-00C04F79EFBC}") = "StringRotation", "StringRotation\StringRotation.csproj", "{F4AA16D9-1F0B-47E3-AE89-0D41F6A73E38}"
EndProject
Project("{FAE04EC0-301F-11D3-BF4B-00C04F79EFBC}") = "JollyJumpers", "JollyJumpers\JollyJumpers.csproj", "{62BE6CCA-884C-4A9E-811B-F61ABFCE33E0}"
EndProject
Project("{FAE04EC0-301F-11D3-BF4B-00C04F79EFBC}") = "ReverseGroups", "ReverseGroups\ReverseGroups.csproj", "{4C9C5ECB-53D6-4F1A-8F97-68BBA7D531A9}"
EndProject
Project("{FAE04EC0-301F-11D3-BF4B-00C04F79EFBC}") = "FlaviusJosephus", "FlaviusJosephus\FlaviusJosephus.csproj", "{C7D59C9A-6711-43A1-A16A-182231650D11}"
EndProject
Project("{FAE04EC0-301F-11D3-BF4B-00C04F79EFBC}") = "TrailingString", "TrailingString\TrailingString.csproj", "{3C0CE496-2700-4E9B-B990-4BF0C27DCDB8}"
EndProject
Global
	GlobalSection(SolutionConfigurationPlatforms) = preSolution
		Debug|Any CPU = Debug|Any CPU
		Release|Any CPU = Release|Any CPU
	EndGlobalSection
	GlobalSection(ProjectConfigurationPlatforms) = postSolution
		{5A3C70EE-0263-403D-8C8D-784DBE063A7B}.Debug|Any CPU.ActiveCfg = Debug|Any CPU
		{5A3C70EE-0263-403D-8C8D-784DBE063A7B}.Debug|Any CPU.Build.0 = Debug|Any CPU
		{5A3C70EE-0263-403D-8C8D-784DBE063A7B}.Release|Any CPU.ActiveCfg = Release|Any CPU
		{5A3C70EE-0263-403D-8C8D-784DBE063A7B}.Release|Any CPU.Build.0 = Release|Any CPU
		{75876722-BC49-40EB-93B5-B61AC6C47813}.Debug|Any CPU.ActiveCfg = Debug|Any CPU
		{75876722-BC49-40EB-93B5-B61AC6C47813}.Debug|Any CPU.Build.0 = Debug|Any CPU
		{75876722-BC49-40EB-93B5-B61AC6C47813}.Release|Any CPU.ActiveCfg = Release|Any CPU
		{75876722-BC49-40EB-93B5-B61AC6C47813}.Release|Any CPU.Build.0 = Release|Any CPU
		{61F3DE19-DD07-4250-ACD4-D7AED2700833}.Debug|Any CPU.ActiveCfg = Debug|Any CPU
		{61F3DE19-DD07-4250-ACD4-D7AED2700833}.Debug|Any CPU.Build.0 = Debug|Any CPU
		{61F3DE19-DD07-4250-ACD4-D7AED2700833}.Release|Any CPU.ActiveCfg = Release|Any CPU
		{61F3DE19-DD07-4250-ACD4-D7AED2700833}.Release|Any CPU.Build.0 = Release|Any CPU
		{4F84047A-DD26-405A-A8C6-865DF32C2C0F}.Debug|Any CPU.ActiveCfg = Debug|Any CPU
		{4F84047A-DD26-405A-A8C6-865DF32C2C0F}.Debug|Any CPU.Build.0 = Debug|Any CPU
		{4F84047A-DD26-405A-A8C6-865DF32C2C0F}.Release|Any CPU.ActiveCfg = Release|Any CPU
		{4F84047A-DD26-405A-A8C6-865DF32C2C0F}.Release|Any CPU.Build.0 = Release|Any CPU
		{89D12F82-1D0E-45D4-85A7-7EACA1F18626}.Debug|Any CPU.ActiveCfg = Debug|Any CPU
		{89D12F82-1D0E-45D4-85A7-7EACA1F18626}.Debug|Any CPU.Build.0 = Debug|Any CPU
		{89D12F82-1D0E-45D4-85A7-7EACA1F18626}.Release|Any CPU.ActiveCfg = Release|Any CPU
		{89D12F82-1D0E-45D4-85A7-7EACA1F18626}.Release|Any CPU.Build.0 = Release|Any CPU
		{54ED9CE6-D776-4053-B8C6-A31FC825939F}.Debug|Any CPU.ActiveCfg = Debug|Any CPU
		{54ED9CE6-D776-4053-B8C6-A31FC825939F}.Debug|Any CPU.Build.0 = Debug|Any CPU
		{54ED9CE6-D776-4053-B8C6-A31FC825939F}.Release|Any CPU.ActiveCfg = Release|Any CPU
		{54ED9CE6-D776-4053-B8C6-A31FC825939F}.Release|Any CPU.Build.0 = Release|Any CPU
		{F2C2BA4B-AA53-41EA-A732-56F99A6692F7}.Debug|Any CPU.ActiveCfg = Debug|Any CPU
		{F2C2BA4B-AA53-41EA-A732-56F99A6692F7}.Debug|Any CPU.Build.0 = Debug|Any CPU
		{F2C2BA4B-AA53-41EA-A732-56F99A6692F7}.Release|Any CPU.ActiveCfg = Release|Any CPU
		{F2C2BA4B-AA53-41EA-A732-56F99A6692F7}.Release|Any CPU.Build.0 = Release|Any CPU
		{61CD0B3D-6B7A-4921-BDC8-6872427AE969}.Debug|Any CPU.ActiveCfg = Debug|Any CPU
		{61CD0B3D-6B7A-4921-BDC8-6872427AE969}.Debug|Any CPU.Build.0 = Debug|Any CPU
		{61CD0B3D-6B7A-4921-BDC8-6872427AE969}.Release|Any CPU.ActiveCfg = Release|Any CPU
		{61CD0B3D-6B7A-4921-BDC8-6872427AE969}.Release|Any CPU.Build.0 = Release|Any CPU
		{40C5FE38-FA93-4C23-8EFC-7C93D371AC88}.Debug|Any CPU.ActiveCfg = Debug|Any CPU
		{40C5FE38-FA93-4C23-8EFC-7C93D371AC88}.Debug|Any CPU.Build.0 = Debug|Any CPU
		{40C5FE38-FA93-4C23-8EFC-7C93D371AC88}.Release|Any CPU.ActiveCfg = Release|Any CPU
		{40C5FE38-FA93-4C23-8EFC-7C93D371AC88}.Release|Any CPU.Build.0 = Release|Any CPU
		{012FCEFF-ECDE-4FBA-B09C-C581279BFD82}.Debug|Any CPU.ActiveCfg = Debug|Any CPU
		{012FCEFF-ECDE-4FBA-B09C-C581279BFD82}.Debug|Any CPU.Build.0 = Debug|Any CPU
		{012FCEFF-ECDE-4FBA-B09C-C581279BFD82}.Release|Any CPU.ActiveCfg = Release|Any CPU
		{012FCEFF-ECDE-4FBA-B09C-C581279BFD82}.Release|Any CPU.Build.0 = Release|Any CPU
		{F4AA16D9-1F0B-47E3-AE89-0D41F6A73E38}.Debug|Any CPU.ActiveCfg = Debug|Any CPU
		{F4AA16D9-1F0B-47E3-AE89-0D41F6A73E38}.Debug|Any CPU.Build.0 = Debug|Any CPU
		{F4AA16D9-1F0B-47E3-AE89-0D41F6A73E38}.Release|Any CPU.ActiveCfg = Release|Any CPU
		{F4AA16D9-1F0B-47E3-AE89-0D41F6A73E38}.Release|Any CPU.Build.0 = Release|Any CPU
		{62BE6CCA-884C-4A9E-811B-F61ABFCE33E0}.Debug|Any CPU.ActiveCfg = Debug|Any CPU
		{62BE6CCA-884C-4A9E-811B-F61ABFCE33E0}.Debug|Any CPU.Build.0 = Debug|Any CPU
		{62BE6CCA-884C-4A9E-811B-F61ABFCE33E0}.Release|Any CPU.ActiveCfg = Release|Any CPU
		{62BE6CCA-884C-4A9E-811B-F61ABFCE33E0}.Release|Any CPU.Build.0 = Release|Any CPU
		{4C9C5ECB-53D6-4F1A-8F97-68BBA7D531A9}.Debug|Any CPU.ActiveCfg = Debug|Any CPU
		{4C9C5ECB-53D6-4F1A-8F97-68BBA7D531A9}.Debug|Any CPU.Build.0 = Debug|Any CPU
		{4C9C5ECB-53D6-4F1A-8F97-68BBA7D531A9}.Release|Any CPU.ActiveCfg = Release|Any CPU
		{4C9C5ECB-53D6-4F1A-8F97-68BBA7D531A9}.Release|Any CPU.Build.0 = Release|Any CPU
		{C7D59C9A-6711-43A1-A16A-182231650D11}.Debug|Any CPU.ActiveCfg = Debug|Any CPU
		{C7D59C9A-6711-43A1-A16A-182231650D11}.Debug|Any CPU.Build.0 = Debug|Any CPU
		{C7D59C9A-6711-43A1-A16A-182231650D11}.Release|Any CPU.ActiveCfg = Release|Any CPU
		{C7D59C9A-6711-43A1-A16A-182231650D11}.Release|Any CPU.Build.0 = Release|Any CPU
		{3C0CE496-2700-4E9B-B990-4BF0C27DCDB8}.Debug|Any CPU.ActiveCfg = Debug|Any CPU
		{3C0CE496-2700-4E9B-B990-4BF0C27DCDB8}.Debug|Any CPU.Build.0 = Debug|Any CPU
		{3C0CE496-2700-4E9B-B990-4BF0C27DCDB8}.Release|Any CPU.ActiveCfg = Release|Any CPU
		{3C0CE496-2700-4E9B-B990-4BF0C27DCDB8}.Release|Any CPU.Build.0 = Release|Any CPU
	EndGlobalSection
	GlobalSection(SolutionProperties) = preSolution
		HideSolutionNode = FALSE
	EndGlobalSection
EndGlobal
